
Microsoft Visual Studio Solution File, Format Version 12.00
# Visual Studio 14
VisualStudioVersion = 14.0.25420.1
MinimumVisualStudioVersion = 10.0.40219.1
Project("{FAE04EC0-301F-11D3-BF4B-00C04F79EFBC}") = "DeploymentService", "src\DeploymentService\DeploymentService.csproj", "{1ADA0F4E-BFEB-4C98-A46F-AC9C802C88CD}"
EndProject
Project("{2150E333-8FDC-42A3-9474-1A3956D46DE8}") = ".powershell", ".powershell", "{5D914148-3247-4F58-BE4C-EF90390ABF71}"
	ProjectSection(SolutionItems) = preProject
		src\PowerShell\DeploymentService-Helpers.ps1 = src\PowerShell\DeploymentService-Helpers.ps1
	EndProjectSection
EndProject
Global
	GlobalSection(SolutionConfigurationPlatforms) = preSolution
		Debug|Any CPU = Debug|Any CPU
		Release|Any CPU = Release|Any CPU
	EndGlobalSection
	GlobalSection(ProjectConfigurationPlatforms) = postSolution
		{1ADA0F4E-BFEB-4C98-A46F-AC9C802C88CD}.Debug|Any CPU.ActiveCfg = Debug|Any CPU
		{1ADA0F4E-BFEB-4C98-A46F-AC9C802C88CD}.Debug|Any CPU.Build.0 = Debug|Any CPU
		{1ADA0F4E-BFEB-4C98-A46F-AC9C802C88CD}.Release|Any CPU.ActiveCfg = Release|Any CPU
		{1ADA0F4E-BFEB-4C98-A46F-AC9C802C88CD}.Release|Any CPU.Build.0 = Release|Any CPU
	EndGlobalSection
	GlobalSection(SolutionProperties) = preSolution
		HideSolutionNode = FALSE
	EndGlobalSection
EndGlobal
